lockfileVersion: '9.0'

settings:
  autoInstallPeers: true
  excludeLinksFromLockfile: false

importers:

  .:
    devDependencies:
      husky:
        specifier: ^9.1.7
        version: 9.1.7
      lint-staged:
        specifier: ^16.2.7
        version: 16.2.7
      prettier:
        specifier: ^3.8.1
        version: 3.8.1

  Backend:
    dependencies:
      '@arcjet/node':
        specifier: 1.0.0-beta.15
        version: 1.0.0-beta.15
      '@clerk/express':
        specifier: ^1.7.49
        version: 1.7.52(express@5.1.0)(react-dom@19.2.0(react@19.2.0))(react@19.2.0)
      '@prisma/client':
        specifier: ^5.22.0
        version: 5.22.0(prisma@5.22.0)
      '@types/cookie-parser':
        specifier: ^1.4.10
        version: 1.4.10(@types/express@5.0.5)
      '@types/jsonwebtoken':
        specifier: ^9.0.10
        version: 9.0.10
      '@types/nodemailer':
        specifier: ^6.4.14
        version: 6.4.21
      '@types/opossum':
        specifier: ^8.1.9
        version: 8.1.9
      '@upstash/redis':
        specifier: ^1.35.6
        version: 1.35.6
      bcrypt:
        specifier: ^6.0.0
        version: 6.0.0
      cookie-parser:
        specifier: ^1.4.7
        version: 1.4.7
      cors:
        specifier: ^2.8.5
        version: 2.8.5
      dompurify:
        specifier: ^3.3.0
        version: 3.3.0
      dotenv:
        specifier: ^17.2.3
        version: 17.2.3
      express:
        specifier: ^5.1.0
        version: 5.1.0
      googleapis:
        specifier: ^166.0.0
        version: 166.0.0
      helmet:
        specifier: ^8.1.0
        version: 8.1.0
      hpp:
        specifier: ^0.2.3
        version: 0.2.3
      inngest:
        specifier: ^3.45.1
        version: 3.46.0(@opentelemetry/core@2.2.0(@opentelemetry/api@1.9.0))(express@5.1.0)(hono@4.7.10)(typescript@5.9.3)(zod@4.1.12)
      jsonwebtoken:
        specifier: ^9.0.2
        version: 9.0.2
      nodemailer:
        specifier: ^7.0.10
        version: 7.0.10
      opossum:
        specifier: ^9.0.0
        version: 9.0.0
      prom-client:
        specifier: ^15.1.3
        version: 15.1.3
      resend:
        specifier: ^6.4.2
        version: 6.5.2
      svix:
        specifier: ^1.81.0
        version: 1.81.0
      typescript:
        specifier: ^5.9.3
        version: 5.9.3
      winston:
        specifier: ^3.18.3
        version: 3.18.3
      zod:
        specifier: ^4.1.12
        version: 4.1.12
    devDependencies:
      '@types/bcrypt':
        specifier: ^6.0.0
        version: 6.0.0
      '@types/cors':
        specifier: ^2.8.19
        version: 2.8.19
      '@types/express':
        specifier: ^5.0.5
        version: 5.0.5
      '@types/hpp':
        specifier: ^0.2.7
        version: 0.2.7
      '@types/node':
        specifier: ^22.0.0
        version: 22.19.1
      '@typescript-eslint/eslint-plugin':
        specifier: ^8.0.0
        version: 8.47.0(@typescript-eslint/parser@8.47.0(eslint@9.39.1(jiti@2.6.1))(typescript@5.9.3))(eslint@9.39.1(jiti@2.6.1))(typescript@5.9.3)
      '@typescript-eslint/parser':
        specifier: ^8.0.0
        version: 8.47.0(eslint@9.39.1(jiti@2.6.1))(typescript@5.9.3)
      eslint:
        specifier: ^9.0.0
        version: 9.39.1(jiti@2.6.1)
      nodemon:
        specifier: ^3.1.9
        version: 3.1.11
      prisma:
        specifier: ^5.22.0
        version: 5.22.0
      rimraf:
        specifier: ^5.0.1
        version: 5.0.10
      tsx:
        specifier: ^4.19.2
        version: 4.20.6

  Frontend:
    dependencies:
      '@clerk/clerk-react':
        specifier: ^5.55.0
        version: 5.56.2(react-dom@19.2.0(react@19.2.0))(react@19.2.0)
      '@hookform/resolvers':
        specifier: ^5.2.2
        version: 5.2.2(react-hook-form@7.66.1(react@19.2.0))
      '@microsoft/clarity':
        specifier: ^1.0.0
        version: 1.0.0
      '@radix-ui/react-alert-dialog':
        specifier: ^1.1.15
        version: 1.1.15(@types/react-dom@19.2.3(@types/react@19.2.6))(@types/react@19.2.6)(react-dom@19.2.0(react@19.2.0))(react@19.2.0)
      '@radix-ui/react-avatar':
        specifier: ^1.1.11
        version: 1.1.11(@types/react-dom@19.2.3(@types/react@19.2.6))(@types/react@19.2.6)(react-dom@19.2.0(react@19.2.0))(react@19.2.0)
      '@radix-ui/react-dialog':
        specifier: ^1.1.15
        version: 1.1.15(@types/react-dom@19.2.3(@types/react@19.2.6))(@types/react@19.2.6)(react-dom@19.2.0(react@19.2.0))(react@19.2.0)
      '@radix-ui/react-label':
        specifier: ^2.1.8
        version: 2.1.8(@types/react-dom@19.2.3(@types/react@19.2.6))(@types/react@19.2.6)(react-dom@19.2.0(react@19.2.0))(react@19.2.0)
      '@radix-ui/react-progress':
        specifier: ^1.1.8
        version: 1.1.8(@types/react-dom@19.2.3(@types/react@19.2.6))(@types/react@19.2.6)(react-dom@19.2.0(react@19.2.0))(react@19.2.0)
      '@radix-ui/react-select':
        specifier: ^2.2.6
        version: 2.2.6(@types/react-dom@19.2.3(@types/react@19.2.6))(@types/react@19.2.6)(react-dom@19.2.0(react@19.2.0))(react@19.2.0)
      '@radix-ui/react-separator':
        specifier: ^1.1.8
        version: 1.1.8(@types/react-dom@19.2.3(@types/react@19.2.6))(@types/react@19.2.6)(react-dom@19.2.0(react@19.2.0))(react@19.2.0)
      '@radix-ui/react-slot':
        specifier: ^1.2.4
        version: 1.2.4(@types/react@19.2.6)(react@19.2.0)
      '@radix-ui/react-switch':
        specifier: ^1.2.6
        version: 1.2.6(@types/react-dom@19.2.3(@types/react@19.2.6))(@types/react@19.2.6)(react-dom@19.2.0(react@19.2.0))(react@19.2.0)
      '@radix-ui/react-tabs':
        specifier: ^1.1.13
        version: 1.1.13(@types/react-dom@19.2.3(@types/react@19.2.6))(@types/react@19.2.6)(react-dom@19.2.0(react@19.2.0))(react@19.2.0)
      '@radix-ui/react-tooltip':
        specifier: ^1.2.8
        version: 1.2.8(@types/react-dom@19.2.3(@types/react@19.2.6))(@types/react@19.2.6)(react-dom@19.2.0(react@19.2.0))(react@19.2.0)
      '@radix-ui/react-use-controllable-state':
        specifier: ^1.2.2
        version: 1.2.2(@types/react@19.2.6)(react@19.2.0)
      '@tailwindcss/vite':
        specifier: ^4.1.17
        version: 4.1.17(vite@7.2.4(@types/node@24.10.1)(jiti@2.6.1)(lightningcss@1.30.2)(tsx@4.20.6)(yaml@2.8.1))
      '@tsparticles/engine':
        specifier: ^3.9.1
        version: 3.9.1
      '@tsparticles/react':
        specifier: ^3.0.0
        version: 3.0.0(@tsparticles/engine@3.9.1)(react-dom@19.2.0(react@19.2.0))(react@19.2.0)
      '@tsparticles/slim':
        specifier: ^3.9.1
        version: 3.9.1
      aceternity-ui:
        specifier: ^0.2.2
        version: 0.2.2(typescript@5.9.3)
      axios:
        specifier: ^1.13.2
        version: 1.13.2
      class-variance-authority:
        specifier: ^0.7.1
        version: 0.7.1
      clsx:
        specifier: ^2.1.1
        version: 2.1.1
      locomotive-scroll:
        specifier: ^4.1.4
        version: 4.1.4
      lucide:
        specifier: ^0.553.0
        version: 0.553.0
      lucide-react:
        specifier: ^0.553.0
        version: 0.553.0(react@19.2.0)
      motion:
        specifier: ^12.23.24
        version: 12.23.24(react-dom@19.2.0(react@19.2.0))(react@19.2.0)
      radix-ui:
        specifier: ^1.4.3
        version: 1.4.3(@types/react-dom@19.2.3(@types/react@19.2.6))(@types/react@19.2.6)(react-dom@19.2.0(react@19.2.0))(react@19.2.0)
      react:
        specifier: ^19.2.0
        version: 19.2.0
      react-dom:
        specifier: ^19.2.0
        version: 19.2.0(react@19.2.0)
      react-hook-form:
        specifier: ^7.66.1
        version: 7.66.1(react@19.2.0)
      react-icons:
        specifier: ^5.5.0
        version: 5.5.0(react@19.2.0)
      react-router:
        specifier: ^7.9.6
        version: 7.9.6(react-dom@19.2.0(react@19.2.0))(react@19.2.0)
      react-router-dom:
        specifier: ^7.9.6
        version: 7.9.6(react-dom@19.2.0(react@19.2.0))(react@19.2.0)
      shadcn:
        specifier: ^3.5.0
        version: 3.5.0(@types/node@24.10.1)(typescript@5.9.3)
      sonner:
        specifier: ^2.0.7
        version: 2.0.7(react-dom@19.2.0(react@19.2.0))(react@19.2.0)
      tailwind-merge:
        specifier: ^3.4.0
        version: 3.4.0
      tailwindcss:
        specifier: ^4.1.17
        version: 4.1.17
      video.js:
        specifier: ^8.23.4
        version: 8.23.4
      zod:
        specifier: ^4.1.12
        version: 4.1.12
    devDependencies:
      '@eslint/js':
        specifier: ^9.39.1
        version: 9.39.1
      '@types/locomotive-scroll':
        specifier: ^4.1.4
        version: 4.1.4
      '@types/next':
        specifier: ^8.0.7
        version: 8.0.7(react-dom@19.2.0(react@19.2.0))(react@19.2.0)
      '@types/node':
        specifier: ^24.10.1
        version: 24.10.1
      '@types/react':
        specifier: ^19.2.2
        version: 19.2.6
      '@types/react-dom':
        specifier: ^19.2.2
        version: 19.2.3(@types/react@19.2.6)
      '@types/video.js':
        specifier: ^7.3.58
        version: 7.3.58
      '@vitejs/plugin-react':
        specifier: ^5.1.0
        version: 5.1.1(vite@7.2.4(@types/node@24.10.1)(jiti@2.6.1)(lightningcss@1.30.2)(tsx@4.20.6)(yaml@2.8.1))
      eslint:
        specifier: ^9.39.1
        version: 9.39.1(jiti@2.6.1)
      eslint-plugin-react-hooks:
        specifier: ^7.0.1
        version: 7.0.1(eslint@9.39.1(jiti@2.6.1))
      eslint-plugin-react-refresh:
        specifier: ^0.4.24
        version: 0.4.24(eslint@9.39.1(jiti@2.6.1))
      globals:
        specifier: ^16.5.0
        version: 16.5.0
      tw-animate-css:
        specifier: ^1.4.0
        version: 1.4.0
      typescript:
        specifier: ~5.9.3
        version: 5.9.3
      typescript-eslint:
        specifier: ^8.46.3
        version: 8.47.0(eslint@9.39.1(jiti@2.6.1))(typescript@5.9.3)
      vite:
        specifier: ^7.2.2
        version: 7.2.4(@types/node@24.10.1)(jiti@2.6.1)(lightningcss@1.30.2)(tsx@4.20.6)(yaml@2.8.1)

packages:

  ansi-escapes@7.3.0:
    resolution: {integrity: sha512-BvU8nYgGQBxcmMuEeUEmNTvrMVjJNSH7RgW24vXexN4Ven6qCvy4TntnvlnwnMLTVlcRQQdbRY8NKnaIoeWDNg==}
    engines: {node: '>=18'}

  ansi-regex@6.2.2:
    resolution: {integrity: sha512-Bq3SmSpyFHaWjPk8If9yc6svM8c56dB5BAtW4Qbw5jHTwwXXcTLoRMkpDJp6VL0XzlWaCHTXrkFURMYmD0sLqg==}
    engines: {node: '>=12'}

  ansi-styles@6.2.3:
    resolution: {integrity: sha512-4Dj6M28JB+oAH8kFkTLUo+a2jwOFkuqb3yucU0CANcRRUbxS0cP0nZYCGjcc3BNXwRIsUVmDGgzawme7zvJHvg==}
    engines: {node: '>=12'}

  braces@3.0.3:
    resolution: {integrity: sha512-yQbXgO/OSZVD2IsiLlro+7Hf6Q18EJrKSEsdoMzKePKXct3gvD8oLcOQdIzGupr5Fj+EDe8gO/lxc1BzfMpxvA==}
    engines: {node: '>=8'}

  cli-cursor@5.0.0:
    resolution: {integrity: sha512-aCj4O5wKyszjMmDT4tZj93kxyydN/K5zPWSCe6/0AV/AA1pqe5ZBIw0a2ZfPQV7lL5/yb5HsUreJ6UFAF1tEQw==}
    engines: {node: '>=18'}

  cli-truncate@5.1.1:
    resolution: {integrity: sha512-SroPvNHxUnk+vIW/dOSfNqdy1sPEFkrTk6TUtqLCnBlo3N7TNYYkzzN7uSD6+jVjrdO4+p8nH7JzH6cIvUem6A==}
    engines: {node: '>=20'}

  colorette@2.0.20:
    resolution: {integrity: sha512-IfEDxwoWIjkeXL1eXcDiow4UbKjhLdq6/EuSVR9GMN7KVH3r9gQ83e73hsz1Nd1T3ijd5xv1wcWRYO+D6kCI2w==}

  commander@14.0.3:
    resolution: {integrity: sha512-H+y0Jo/T1RZ9qPP4Eh1pkcQcLRglraJaSLoyOtHxu6AapkjWVCy2Sit1QQ4x3Dng8qDlSsZEet7g5Pq06MvTgw==}
    engines: {node: '>=20'}

  emoji-regex@10.6.0:
    resolution: {integrity: sha512-toUI84YS5YmxW219erniWD0CIVOo46xGKColeNQRgOzDorgBi1v4D71/OFzgD9GO2UGKIv1C3Sp8DAn0+j5w7A==}

  environment@1.1.0:
    resolution: {integrity: sha512-xUtoPkMggbz0MPyPiIWr1Kp4aeWJjDZ6SMvURhimjdZgsRuDplF5/s9hcgGhyXMhs+6vpnuoiZ2kFiu3FMnS8Q==}
    engines: {node: '>=18'}

  eventemitter3@5.0.4:
    resolution: {integrity: sha512-mlsTRyGaPBjPedk6Bvw+aqbsXDtoAyAzm5MO7JgU+yVRyMQ5O8bD4Kcci7BS85f93veegeCPkL8R4GLClnjLFw==}

  fill-range@7.1.1:
    resolution: {integrity: sha512-YsGpe3WHLK8ZYi4tWDg2Jy3ebRz2rXowDxnld4bkQB00cc/1Zw9AWnC0i9ztDJitivtQvaI9KaLyKrc+hBW0yg==}
    engines: {node: '>=8'}

  get-east-asian-width@1.5.0:
    resolution: {integrity: sha512-CQ+bEO+Tva/qlmw24dCejulK5pMzVnUOFOijVogd3KQs07HnRIgp8TGipvCCRT06xeYEbpbgwaCxglFyiuIcmA==}
    engines: {node: '>=18'}

  husky@9.1.7:
    resolution: {integrity: sha512-5gs5ytaNjBrh5Ow3zrvdUUY+0VxIuWVL4i9irt6friV+BqdCfmV11CQTWMiBYWHbXhco+J1kHfTOUkePhCDvMA==}
    engines: {node: '>=18'}
    hasBin: true

  is-fullwidth-code-point@5.1.0:
    resolution: {integrity: sha512-5XHYaSyiqADb4RnZ1Bdad6cPp8Toise4TzEjcOYDHZkTCbKgiUl7WTUCpNWHuxmDt91wnsZBc9xinNzopv3JMQ==}
    engines: {node: '>=18'}

  is-number@7.0.0:
    resolution: {integrity: sha512-41Cifkg6e8TylSpdtTpeLVMqvSBEVzTttHvERD741+pnZ8ANv0004MRL43QKPDlK9cGvNp6NZWZUBlbGXYxxng==}
    engines: {node: '>=0.12.0'}

  lint-staged@16.2.7:
    resolution: {integrity: sha512-lDIj4RnYmK7/kXMya+qJsmkRFkGolciXjrsZ6PC25GdTfWOAWetR0ZbsNXRAj1EHHImRSalc+whZFg56F5DVow==}
    engines: {node: '>=20.17'}
    hasBin: true

  listr2@9.0.5:
    resolution: {integrity: sha512-ME4Fb83LgEgwNw96RKNvKV4VTLuXfoKudAmm2lP8Kk87KaMK0/Xrx/aAkMWmT8mDb+3MlFDspfbCs7adjRxA2g==}
    engines: {node: '>=20.0.0'}

  log-update@6.1.0:
    resolution: {integrity: sha512-9ie8ItPR6tjY5uYJh8K/Zrv/RMZ5VOlOWvtZdEHYSTFKZfIBPQa9tOAEeAWhd+AnIneLJ22w5fjOYtoutpWq5w==}
    engines: {node: '>=18'}

  micromatch@4.0.8:
    resolution: {integrity: sha512-PXwfBhYu0hBCPw8Dn0E+WDYb7af3dSLVWKi3HGv84IdF4TyFoC0ysxFd0Goxw7nSv4T/PzEJQxsYsEiFCKo2BA==}
    engines: {node: '>=8.6'}

  mimic-function@5.0.1:
    resolution: {integrity: sha512-VP79XUPxV2CigYP3jWwAUFSku2aKqBH7uTAapFWCBqutsbmDo96KY5o8uh6U+/YSIn5OxJnXp73beVkpqMIGhA==}
    engines: {node: '>=18'}

  nano-spawn@2.0.0:
    resolution: {integrity: sha512-tacvGzUY5o2D8CBh2rrwxyNojUsZNU2zjNTzKQrkgGJQTbGAfArVWXSKMBokBeeg6C7OLRGUEyoFlYbfeWQIqw==}
    engines: {node: '>=20.17'}

  onetime@7.0.0:
    resolution: {integrity: sha512-VXJjc87FScF88uafS3JllDgvAm+c/Slfz06lorj2uAY34rlUu0Nt+v8wreiImcrgAjjIHp1rXpTDlLOGw29WwQ==}
    engines: {node: '>=18'}

  picomatch@2.3.1:
    resolution: {integrity: sha512-JU3teHTNjmE2VCGFzuY8EXzCDVwEqB2a8fsIvwaStHhAWJEeVd1o1QD80CU6+ZdEXXSLbSsuLwJjkCBWqRQUVA==}
    engines: {node: '>=8.6'}

  pidtree@0.6.0:
    resolution: {integrity: sha512-eG2dWTVw5bzqGRztnHExczNxt5VGsE6OwTeCG3fdUf9KBsZzO3R5OIIIzWR+iZA0NtZ+RDVdaoE2dK1cn6jH4g==}
    engines: {node: '>=0.10'}
    hasBin: true

  prettier@3.8.1:
    resolution: {integrity: sha512-UOnG6LftzbdaHZcKoPFtOcCKztrQ57WkHDeRD9t/PTQtmT0NHSeWWepj6pS0z/N7+08BHFDQVUrfmfMRcZwbMg==}
    engines: {node: '>=14'}
    hasBin: true

  restore-cursor@5.1.0:
    resolution: {integrity: sha512-oMA2dcrw6u0YfxJQXm342bFKX/E4sG9rbTzO9ptUcR/e8A33cHuvStiYOwH7fszkZlZ1z/ta9AAoPk2F4qIOHA==}
    engines: {node: '>=18'}

  rfdc@1.4.1:
    resolution: {integrity: sha512-q1b3N5QkRUWUl7iyylaaj3kOpIT0N2i9MqIEQXP73GVsN9cw3fdx8X63cEmWhJGi2PPCF23Ijp7ktmd39rawIA==}

  signal-exit@4.1.0:
    resolution: {integrity: sha512-bzyZ1e88w9O1iNJbKnOlvYTrWPDl46O1bG0D3XInv+9tkPrxrN8jUUTiFlDkkmKWgn1M6CfIA13SuGqOa9Korw==}
    engines: {node: '>=14'}

  slice-ansi@7.1.2:
    resolution: {integrity: sha512-iOBWFgUX7caIZiuutICxVgX1SdxwAVFFKwt1EvMYYec/NWO5meOJ6K5uQxhrYBdQJne4KxiqZc+KptFOWFSI9w==}
    engines: {node: '>=18'}

  string-argv@0.3.2:
    resolution: {integrity: sha512-aqD2Q0144Z+/RqG52NeHEkZauTAUWJO8c6yTftGJKO3Tja5tUgIfmIl6kExvhtxSDP7fXB6DvzkfMpCd/F3G+Q==}
    engines: {node: '>=0.6.19'}

  string-width@7.2.0:
    resolution: {integrity: sha512-tsaTIkKW9b4N+AEj+SVA+WhJzV7/zMhcSu78mLKWSk7cXMOSHsBKFWUs0fWwq8QyK3MgJBQRX6Gbi4kYbdvGkQ==}
    engines: {node: '>=18'}

  string-width@8.2.0:
    resolution: {integrity: sha512-6hJPQ8N0V0P3SNmP6h2J99RLuzrWz2gvT7VnK5tKvrNqJoyS9W4/Fb8mo31UiPvy00z7DQXkP2hnKBVav76thw==}
    engines: {node: '>=20'}

  strip-ansi@7.1.2:
    resolution: {integrity: sha512-gmBGslpoQJtgnMAvOVqGZpEz9dyoKTCzy2nfz/n8aIFhN/jCE/rCmcxabB6jOOHV+0WNnylOxaxBQPSvcWklhA==}
    engines: {node: '>=12'}

  to-regex-range@5.0.1:
    resolution: {integrity: sha512-65P7iz6X5yEr1cwcgvQxbbIw7Uk3gOy5dIdtZ4rDveLqhrdJP+Li/Hx6tyK0NEb+2GCyneCMJiGqrADCSNk8sQ==}
    engines: {node: '>=8.0'}

  wrap-ansi@9.0.2:
    resolution: {integrity: sha512-42AtmgqjV+X1VpdOfyTGOYRi0/zsoLqtXQckTmqTeybT+BDIbM/Guxo7x3pE2vtpr1ok6xRqM9OpBe+Jyoqyww==}
    engines: {node: '>=18'}

  yaml@2.8.2:
    resolution: {integrity: sha512-mplynKqc1C2hTVYxd0PU2xQAc22TI1vShAYGksCCfxbn/dFwnHTNi1bvYsBTkhdUNtGIf5xNOg938rrSSYvS9A==}
    engines: {node: '>= 14.6'}
    hasBin: true

snapshots:

  ansi-escapes@7.3.0:
    dependencies:
      environment: 1.1.0

  ansi-regex@6.2.2: {}

  ansi-styles@6.2.3: {}

  braces@3.0.3:
    dependencies:
      fill-range: 7.1.1

  cli-cursor@5.0.0:
    dependencies:
      restore-cursor: 5.1.0

  cli-truncate@5.1.1:
    dependencies:
      slice-ansi: 7.1.2
      string-width: 8.2.0

  colorette@2.0.20: {}

  commander@14.0.3: {}

  emoji-regex@10.6.0: {}

  environment@1.1.0: {}

  eventemitter3@5.0.4: {}

  fill-range@7.1.1:
    dependencies:
      to-regex-range: 5.0.1

  get-east-asian-width@1.5.0: {}

  husky@9.1.7: {}

  is-fullwidth-code-point@5.1.0:
    dependencies:
      get-east-asian-width: 1.5.0

  is-number@7.0.0: {}

  lint-staged@16.2.7:
    dependencies:
      commander: 14.0.3
      listr2: 9.0.5
      micromatch: 4.0.8
      nano-spawn: 2.0.0
      pidtree: 0.6.0
      string-argv: 0.3.2
      yaml: 2.8.2

  listr2@9.0.5:
    dependencies:
      cli-truncate: 5.1.1
      colorette: 2.0.20
      eventemitter3: 5.0.4
      log-update: 6.1.0
      rfdc: 1.4.1
      wrap-ansi: 9.0.2

  log-update@6.1.0:
    dependencies:
      ansi-escapes: 7.3.0
      cli-cursor: 5.0.0
      slice-ansi: 7.1.2
      strip-ansi: 7.1.2
      wrap-ansi: 9.0.2

  micromatch@4.0.8:
    dependencies:
      braces: 3.0.3
      picomatch: 2.3.1

  mimic-function@5.0.1: {}

  nano-spawn@2.0.0: {}

  onetime@7.0.0:
    dependencies:
      mimic-function: 5.0.1

  picomatch@2.3.1: {}

  pidtree@0.6.0: {}

  prettier@3.8.1: {}

  restore-cursor@5.1.0:
    dependencies:
      onetime: 7.0.0
      signal-exit: 4.1.0

  rfdc@1.4.1: {}

  signal-exit@4.1.0: {}

  slice-ansi@7.1.2:
    dependencies:
      ansi-styles: 6.2.3
      is-fullwidth-code-point: 5.1.0

  string-argv@0.3.2: {}

  string-width@7.2.0:
    dependencies:
      emoji-regex: 10.6.0
      get-east-asian-width: 1.5.0
      strip-ansi: 7.1.2

  string-width@8.2.0:
    dependencies:
      get-east-asian-width: 1.5.0
      strip-ansi: 7.1.2

  strip-ansi@7.1.2:
    dependencies:
      ansi-regex: 6.2.2

  to-regex-range@5.0.1:
    dependencies:
      is-number: 7.0.0

  wrap-ansi@9.0.2:
    dependencies:
      ansi-styles: 6.2.3
      string-width: 7.2.0
      strip-ansi: 7.1.2

  yaml@2.8.2: {}
